
Microsoft Visual Studio Solution File, Format Version 12.00
# Visual Studio Version 17
VisualStudioVersion = 17.3.32929.385
MinimumVisualStudioVersion = 10.0.40219.1
Project("{FAE04EC0-301F-11D3-BF4B-00C04F79EFBC}") = "TextGame", "TextGame\TextGame.csproj", "{984FE5AF-8C42-4DD4-AB0C-845B2FDB04C7}"
EndProject
Global
	GlobalSection(SolutionConfigurationPlatforms) = preSolution
		Debug|Any CPU = Debug|Any CPU
		Release|Any CPU = Release|Any CPU
	EndGlobalSection
	GlobalSection(ProjectConfigurationPlatforms) = postSolution
		{984FE5AF-8C42-4DD4-AB0C-845B2FDB04C7}.Debug|Any CPU.ActiveCfg = Debug|Any CPU
		{984FE5AF-8C42-4DD4-AB0C-845B2FDB04C7}.Debug|Any CPU.Build.0 = Debug|Any CPU
		{984FE5AF-8C42-4DD4-AB0C-845B2FDB04C7}.Release|Any CPU.ActiveCfg = Release|Any CPU
		{984FE5AF-8C42-4DD4-AB0C-845B2FDB04C7}.Release|Any CPU.Build.0 = Release|Any CPU
	EndGlobalSection
	GlobalSection(SolutionProperties) = preSolution
		HideSolutionNode = FALSE
	EndGlobalSection
	GlobalSection(ExtensibilityGlobals) = postSolution
		SolutionGuid = {F8E16B7B-3E03-4D99-8A77-385DA6B5F1D3}
	EndGlobalSection
EndGlobal
